Microsoft Visual Studio Solution File, Format Version 12.00
# Visual Studio 15
VisualStudioVersion = 15.0.28010.2048
MinimumVisualStudioVersion = 10.0.40219.1
Project("{9A19103F-16F7-4668-BE54-9A1E7A4F7556}") = "GameServer", "GameServer\GameServer.csproj", "{EAF2A45A-CE1F-45B7-852D-F1540BAB7E5B}"
EndProject
Project("{9A19103F-16F7-4668-BE54-9A1E7A4F7556}") = "GameClient", "GameClient\GameClient.csproj", "{EE75143F-FEE2-49E1-810C-F31774C03D81}"
EndProject
Project("{FAE04EC0-301F-11D3-BF4B-00C04F79EFBC}") = "UnitTestProject1", "UnitTestProject1\UnitTestProject1.csproj", "{8E674F5B-1E13-445E-823E-3665A60E368A}"
EndProject
Global
	GlobalSection(SolutionConfigurationPlatforms) = preSolution
		Debug|Any CPU = Debug|Any CPU
		Release|Any CPU = Release|Any CPU
	EndGlobalSection
	GlobalSection(ProjectConfigurationPlatforms) = postSolution
		{EAF2A45A-CE1F-45B7-852D-F1540BAB7E5B}.Debug|Any CPU.ActiveCfg = Debug|Any CPU
		{EAF2A45A-CE1F-45B7-852D-F1540BAB7E5B}.Debug|Any CPU.Build.0 = Debug|Any CPU
		{EAF2A45A-CE1F-45B7-852D-F1540BAB7E5B}.Release|Any CPU.ActiveCfg = Release|Any CPU
		{EAF2A45A-CE1F-45B7-852D-F1540BAB7E5B}.Release|Any CPU.Build.0 = Release|Any CPU
		{EE75143F-FEE2-49E1-810C-F31774C03D81}.Debug|Any CPU.ActiveCfg = Debug|Any CPU
		{EE75143F-FEE2-49E1-810C-F31774C03D81}.Debug|Any CPU.Build.0 = Debug|Any CPU
		{EE75143F-FEE2-49E1-810C-F31774C03D81}.Release|Any CPU.ActiveCfg = Release|Any CPU
		{EE75143F-FEE2-49E1-810C-F31774C03D81}.Release|Any CPU.Build.0 = Release|Any CPU
		{8E674F5B-1E13-445E-823E-3665A60E368A}.Debug|Any CPU.ActiveCfg = Debug|Any CPU
		{8E674F5B-1E13-445E-823E-3665A60E368A}.Debug|Any CPU.Build.0 = Debug|Any CPU
		{8E674F5B-1E13-445E-823E-3665A60E368A}.Release|Any CPU.ActiveCfg = Release|Any CPU
		{8E674F5B-1E13-445E-823E-3665A60E368A}.Release|Any CPU.Build.0 = Release|Any CPU
	EndGlobalSection
	GlobalSection(SolutionProperties) = preSolution
		HideSolutionNode = FALSE
	EndGlobalSection
	GlobalSection(ExtensibilityGlobals) = postSolution
		SolutionGuid = {06CC501E-F9BC-4B1E-9208-56F29E8707B5}
	EndGlobalSection
EndGlobal
